
Microsoft Visual Studio Solution File, Format Version 12.00
# Visual Studio Version 17
VisualStudioVersion = 17.8.34511.84
MinimumVisualStudioVersion = 10.0.40219.1
Project("{8BC9CEB8-8B4A-11D0-8D11-00A0C91BC942}") = "Prаkt1", "Prаkt1\Prаkt1.vcxproj", "{E6137A00-1845-4500-83E7-BC4ADE3E5A34}"
EndProject
Global
	GlobalSection(SolutionConfigurationPlatforms) = preSolution
		Debug|x64 = Debug|x64
		Debug|x86 = Debug|x86
		Release|x64 = Release|x64
		Release|x86 = Release|x86
	EndGlobalSection
	GlobalSection(ProjectConfigurationPlatforms) = postSolution
		{E6137A00-1845-4500-83E7-BC4ADE3E5A34}.Debug|x64.ActiveCfg = Debug|x64
		{E6137A00-1845-4500-83E7-BC4ADE3E5A34}.Debug|x64.Build.0 = Debug|x64
		{E6137A00-1845-4500-83E7-BC4ADE3E5A34}.Debug|x86.ActiveCfg = Debug|Win32
		{E6137A00-1845-4500-83E7-BC4ADE3E5A34}.Debug|x86.Build.0 = Debug|Win32
		{E6137A00-1845-4500-83E7-BC4ADE3E5A34}.Release|x64.ActiveCfg = Release|x64
		{E6137A00-1845-4500-83E7-BC4ADE3E5A34}.Release|x64.Build.0 = Release|x64
		{E6137A00-1845-4500-83E7-BC4ADE3E5A34}.Release|x86.ActiveCfg = Release|Win32
		{E6137A00-1845-4500-83E7-BC4ADE3E5A34}.Release|x86.Build.0 = Release|Win32
	EndGlobalSection
	GlobalSection(SolutionProperties) = preSolution
		HideSolutionNode = FALSE
	EndGlobalSection
	GlobalSection(ExtensibilityGlobals) = postSolution
		SolutionGuid = {B34513CB-E1B6-4F5E-8E3F-2269E934A490}
	EndGlobalSection
EndGlobal
